{
  "version": 4,
  "terraform_version": "1.3.6",
  "serial": 189,
  "lineage": "78f114eb-fccb-e689-5047-28bfab2ee78f",
  "outputs": {},
  "resources": [
    {
      "mode": "data",
      "type": "azurerm_client_config",
      "name": "current",
      "provider": "provider[\"registry.terraform.io/hashicorp/azurerm\"]",
      "instances": [
        {
          "schema_version": 0,
          "attributes": {
            "client_id": "04b07795-8ddb-461a-bbee-02f9e1bf7b46",
            "id": "Y2xpZW50Q29uZmlncy9jbGllbnRJZD0wNGIwNzc5NS04ZGRiLTQ2MWEtYmJlZS0wMmY5ZTFiZjdiNDY7b2JqZWN0SWQ9M2VjYTA3ZDAtMWZmNi00YWJlLWE0MmQtNWZiMzU3Njg5NTUxO3N1YnNjcmlwdGlvbklkPTUwMjEwYTg3LTZhNDUtNDhhNy1hZDBjLWMyMTEzMzNjMTExMDt0ZW5hbnRJZD0zZTQ4NDc3Ni1mMWMzLTQ2OWMtYjMxNy1kOTUxNzM2ZGM1NjM=",
            "object_id": "3eca07d0-1ff6-4abe-a42d-5fb357689551",
            "subscription_id": "50210a87-6a45-48a7-ad0c-c211333c1110",
            "tenant_id": "3e484776-f1c3-469c-b317-d951736dc563",
            "timeouts": null
          },
          "sensitive_attributes": []
        }
      ]
    },
    {
      "mode": "data",
      "type": "azurerm_client_config",
      "name": "example",
      "provider": "provider[\"registry.terraform.io/hashicorp/azurerm\"]",
      "instances": [
        {
          "schema_version": 0,
          "attributes": {
            "client_id": "04b07795-8ddb-461a-bbee-02f9e1bf7b46",
            "id": "Y2xpZW50Q29uZmlncy9jbGllbnRJZD0wNGIwNzc5NS04ZGRiLTQ2MWEtYmJlZS0wMmY5ZTFiZjdiNDY7b2JqZWN0SWQ9M2VjYTA3ZDAtMWZmNi00YWJlLWE0MmQtNWZiMzU3Njg5NTUxO3N1YnNjcmlwdGlvbklkPTUwMjEwYTg3LTZhNDUtNDhhNy1hZDBjLWMyMTEzMzNjMTExMDt0ZW5hbnRJZD0zZTQ4NDc3Ni1mMWMzLTQ2OWMtYjMxNy1kOTUxNzM2ZGM1NjM=",
            "object_id": "3eca07d0-1ff6-4abe-a42d-5fb357689551",
            "subscription_id": "50210a87-6a45-48a7-ad0c-c211333c1110",
            "tenant_id": "3e484776-f1c3-469c-b317-d951736dc563",
            "timeouts": null
          },
          "sensitive_attributes": []
        }
      ]
    },
    {
      "mode": "data",
      "type": "azurerm_subscription",
      "name": "primary",
      "provider": "provider[\"registry.terraform.io/hashicorp/azurerm\"]",
      "instances": [
        {
          "schema_version": 0,
          "attributes": {
            "display_name": "Free Trial",
            "id": "/subscriptions/50210a87-6a45-48a7-ad0c-c211333c1110",
            "location_placement_id": "PublicAndIndia_2015-09-01",
            "quota_id": "FreeTrial_2014-09-01",
            "spending_limit": "On",
            "state": "Enabled",
            "subscription_id": "50210a87-6a45-48a7-ad0c-c211333c1110",
            "tags": {},
            "tenant_id": "3e484776-f1c3-469c-b317-d951736dc563",
            "timeouts": null
          },
          "sensitive_attributes": []
        }
      ]
    },
    {
      "mode": "managed",
      "type": "azurerm_application_gateway",
      "name": "network",
      "provider": "provider[\"registry.terraform.io/hashicorp/azurerm\"]",
      "instances": [
        {
          "schema_version": 0,
          "attributes": {
            "authentication_certificate": [],
            "autoscale_configuration": [],
            "backend_address_pool": [
              {
                "fqdns": [],
                "id": "/subscriptions/50210a87-6a45-48a7-ad0c-c211333c1110/resourceGroups/example-resources/providers/Microsoft.Network/applicationGateways/example-appgateway/backendAddressPools/example-network-beap",
                "ip_addresses": [],
                "name": "example-network-beap"
              }
            ],
            "backend_http_settings": [
              {
                "affinity_cookie_name": "",
                "authentication_certificate": [],
                "connection_draining": [],
                "cookie_based_affinity": "Disabled",
                "host_name": "",
                "id": "",
                "name": "httpssetting",
                "path": "/path1/",
                "pick_host_name_from_backend_address": false,
                "port": 443,
                "probe_id": "",
                "probe_name": "",
                "protocol": "Https",
                "request_timeout": 60,
                "trusted_root_certificate_names": []
              },
              {
                "affinity_cookie_name": "",
                "authentication_certificate": [],
                "connection_draining": [],
                "cookie_based_affinity": "Disabled",
                "host_name": "",
                "id": "/subscriptions/50210a87-6a45-48a7-ad0c-c211333c1110/resourceGroups/example-resources/providers/Microsoft.Network/applicationGateways/example-appgateway/backendHttpSettingsCollection/example-network-be-htst",
                "name": "example-network-be-htst",
                "path": "/path1/",
                "pick_host_name_from_backend_address": false,
                "port": 80,
                "probe_id": "",
                "probe_name": "",
                "protocol": "Http",
                "request_timeout": 60,
                "trusted_root_certificate_names": []
              }
            ],
            "custom_error_configuration": [],
            "enable_http2": false,
            "fips_enabled": false,
            "firewall_policy_id": "",
            "force_firewall_policy_association": false,
            "frontend_ip_configuration": [
              {
                "id": "/subscriptions/50210a87-6a45-48a7-ad0c-c211333c1110/resourceGroups/example-resources/providers/Microsoft.Network/applicationGateways/example-appgateway/frontendIPConfigurations/example-network-feip",
                "name": "example-network-feip",
                "private_ip_address": "",
                "private_ip_address_allocation": "Dynamic",
                "private_link_configuration_id": "",
                "private_link_configuration_name": "",
                "public_ip_address_id": "/subscriptions/50210a87-6a45-48a7-ad0c-c211333c1110/resourceGroups/example-resources/providers/Microsoft.Network/publicIPAddresses/example-pip",
                "subnet_id": ""
              }
            ],
            "frontend_port": [
              {
                "id": "",
                "name": "https-port",
                "port": 443
              },
              {
                "id": "/subscriptions/50210a87-6a45-48a7-ad0c-c211333c1110/resourceGroups/example-resources/providers/Microsoft.Network/applicationGateways/example-appgateway/frontendPorts/example-network-feport",
                "name": "example-network-feport",
                "port": 80
              }
            ],
            "gateway_ip_configuration": [
              {
                "id": "/subscriptions/50210a87-6a45-48a7-ad0c-c211333c1110/resourceGroups/example-resources/providers/Microsoft.Network/applicationGateways/example-appgateway/gatewayIPConfigurations/my-gateway-ip-configuration",
                "name": "my-gateway-ip-configuration",
                "subnet_id": "/subscriptions/50210a87-6a45-48a7-ad0c-c211333c1110/resourceGroups/example-resources/providers/Microsoft.Network/virtualNetworks/example-network/subnets/frontend"
              }
            ],
            "global": [],
            "http_listener": [
              {
                "custom_error_configuration": [],
                "firewall_policy_id": "",
                "frontend_ip_configuration_id": "",
                "frontend_ip_configuration_name": "example-network-feip",
                "frontend_port_id": "",
                "frontend_port_name": "example-network-feport",
                "host_name": "",
                "host_names": [],
                "id": "",
                "name": "httpslistner",
                "protocol": "Https",
                "require_sni": false,
                "ssl_certificate_id": "",
                "ssl_certificate_name": "generated-cert",
                "ssl_profile_id": "",
                "ssl_profile_name": ""
              },
              {
                "custom_error_configuration": [],
                "firewall_policy_id": "",
                "frontend_ip_configuration_id": "/subscriptions/50210a87-6a45-48a7-ad0c-c211333c1110/resourceGroups/example-resources/providers/Microsoft.Network/applicationGateways/example-appgateway/frontendIPConfigurations/example-network-feip",
                "frontend_ip_configuration_name": "example-network-feip",
                "frontend_port_id": "/subscriptions/50210a87-6a45-48a7-ad0c-c211333c1110/resourceGroups/example-resources/providers/Microsoft.Network/applicationGateways/example-appgateway/frontendPorts/example-network-feport",
                "frontend_port_name": "example-network-feport",
                "host_name": "",
                "host_names": [],
                "id": "/subscriptions/50210a87-6a45-48a7-ad0c-c211333c1110/resourceGroups/example-resources/providers/Microsoft.Network/applicationGateways/example-appgateway/httpListeners/example-network-httplstn",
                "name": "example-network-httplstn",
                "protocol": "Http",
                "require_sni": false,
                "ssl_certificate_id": "",
                "ssl_certificate_name": "",
                "ssl_profile_id": "",
                "ssl_profile_name": ""
              }
            ],
            "id": "/subscriptions/50210a87-6a45-48a7-ad0c-c211333c1110/resourceGroups/example-resources/providers/Microsoft.Network/applicationGateways/example-appgateway",
            "identity": [
              {
                "identity_ids": [
                  "/subscriptions/50210a87-6a45-48a7-ad0c-c211333c1110/resourceGroups/example-resources/providers/Microsoft.ManagedIdentity/userAssignedIdentities/user_managed_identity"
                ],
                "type": "UserAssigned"
              }
            ],
            "location": "westeurope",
            "name": "example-appgateway",
            "private_endpoint_connection": [],
            "private_link_configuration": [],
            "probe": [],
            "redirect_configuration": [],
            "request_routing_rule": [
              {
                "backend_address_pool_id": "/subscriptions/50210a87-6a45-48a7-ad0c-c211333c1110/resourceGroups/example-resources/providers/Microsoft.Network/applicationGateways/example-appgateway/backendAddressPools/example-network-beap",
                "backend_address_pool_name": "example-network-beap",
                "backend_http_settings_id": "/subscriptions/50210a87-6a45-48a7-ad0c-c211333c1110/resourceGroups/example-resources/providers/Microsoft.Network/applicationGateways/example-appgateway/backendHttpSettingsCollection/example-network-be-htst",
                "backend_http_settings_name": "example-network-be-htst",
                "http_listener_id": "/subscriptions/50210a87-6a45-48a7-ad0c-c211333c1110/resourceGroups/example-resources/providers/Microsoft.Network/applicationGateways/example-appgateway/httpListeners/example-network-httplstn",
                "http_listener_name": "example-network-httplstn",
                "id": "/subscriptions/50210a87-6a45-48a7-ad0c-c211333c1110/resourceGroups/example-resources/providers/Microsoft.Network/applicationGateways/example-appgateway/requestRoutingRules/example-network-rqrt",
                "name": "example-network-rqrt",
                "priority": 9,
                "redirect_configuration_id": "",
                "redirect_configuration_name": "",
                "rewrite_rule_set_id": "",
                "rewrite_rule_set_name": "",
                "rule_type": "Basic",
                "url_path_map_id": "",
                "url_path_map_name": ""
              }
            ],
            "resource_group_name": "example-resources",
            "rewrite_rule_set": [],
            "sku": [
              {
                "capacity": 2,
                "name": "Standard_v2",
                "tier": "Standard_v2"
              }
            ],
            "ssl_certificate": [
              {
                "data": "",
                "id": "/subscriptions/50210a87-6a45-48a7-ad0c-c211333c1110/resourceGroups/example-resources/providers/Microsoft.Network/applicationGateways/example-appgateway/sslCertificates/generated-cert",
                "key_vault_secret_id": "https://keyvault132456.vault.azure.net/secrets/generated-cert/138a19ab466841328324ef214784de24",
                "name": "generated-cert",
                "password": "",
                "public_cert_data": ""
              }
            ],
            "ssl_policy": [
              {
                "cipher_suites": [],
                "disabled_protocols": [],
                "min_protocol_version": "",
                "policy_name": "AppGwSslPolicy20150501",
                "policy_type": "Predefined"
              }
            ],
            "ssl_profile": [],
            "tags": {},
            "timeouts": null,
            "trusted_client_certificate": [],
            "trusted_root_certificate": [],
            "url_path_map": [],
            "waf_configuration": [],
            "zones": []
          },
          "sensitive_attributes": [],
          "private": "eyJlMmJmYjczMC1lY2FhLTExZTYtOGY4OC0zNDM2M2JjN2M0YzAiOnsiY3JlYXRlIjo1NDAwMDAwMDAwMDAwLCJkZWxldGUiOjU0MDAwMDAwMDAwMDAsInJlYWQiOjMwMDAwMDAwMDAwMCwidXBkYXRlIjo1NDAwMDAwMDAwMDAwfX0=",
          "dependencies": [
            "azurerm_key_vault_certificate.example",
            "azurerm_public_ip.example",
            "azurerm_resource_group.example",
            "azurerm_subnet.frontend",
            "azurerm_user_assigned_identity.user_managed_identity",
            "azurerm_virtual_network.example"
          ]
        }
      ]
    },
    {
      "mode": "managed",
      "type": "azurerm_key_vault",
      "name": "example",
      "provider": "provider[\"registry.terraform.io/hashicorp/azurerm\"]",
      "instances": [
        {
          "schema_version": 2,
          "attributes": {
            "access_policy": [
              {
                "application_id": "",
                "certificate_permissions": [
                  "Create",
                  "Delete",
                  "DeleteIssuers",
                  "Get",
                  "GetIssuers",
                  "Import",
                  "List",
                  "ListIssuers",
                  "ManageContacts",
                  "ManageIssuers",
                  "Purge",
                  "SetIssuers",
                  "Update"
                ],
                "key_permissions": [
                  "Backup",
                  "Create",
                  "Decrypt",
                  "Delete",
                  "Encrypt",
                  "Get",
                  "Import",
                  "List",
                  "Purge",
                  "Recover",
                  "Restore",
                  "Sign",
                  "UnwrapKey",
                  "Update",
                  "Verify",
                  "WrapKey"
                ],
                "object_id": "3eca07d0-1ff6-4abe-a42d-5fb357689551",
                "secret_permissions": [
                  "Backup",
                  "Delete",
                  "Get",
                  "List",
                  "Purge",
                  "Recover",
                  "Restore",
                  "Set"
                ],
                "storage_permissions": [],
                "tenant_id": "3e484776-f1c3-469c-b317-d951736dc563"
              }
            ],
            "contact": [],
            "enable_rbac_authorization": false,
            "enabled_for_deployment": false,
            "enabled_for_disk_encryption": false,
            "enabled_for_template_deployment": false,
            "id": "/subscriptions/50210a87-6a45-48a7-ad0c-c211333c1110/resourceGroups/example-resources/providers/Microsoft.KeyVault/vaults/keyvault132456",
            "location": "westeurope",
            "name": "keyvault132456",
            "network_acls": [
              {
                "bypass": "AzureServices",
                "default_action": "Allow",
                "ip_rules": [],
                "virtual_network_subnet_ids": []
              }
            ],
            "public_network_access_enabled": true,
            "purge_protection_enabled": false,
            "resource_group_name": "example-resources",
            "sku_name": "standard",
            "soft_delete_retention_days": 7,
            "tags": {},
            "tenant_id": "3e484776-f1c3-469c-b317-d951736dc563",
            "timeouts": null,
            "vault_uri": "https://keyvault132456.vault.azure.net/"
          },
          "sensitive_attributes": [],
          "private": "eyJlMmJmYjczMC1lY2FhLTExZTYtOGY4OC0zNDM2M2JjN2M0YzAiOnsiY3JlYXRlIjoxODAwMDAwMDAwMDAwLCJkZWxldGUiOjE4MDAwMDAwMDAwMDAsInJlYWQiOjMwMDAwMDAwMDAwMCwidXBkYXRlIjoxODAwMDAwMDAwMDAwfSwic2NoZW1hX3ZlcnNpb24iOiIyIn0=",
          "dependencies": [
            "azurerm_resource_group.example",
            "data.azurerm_client_config.current"
          ]
        }
      ]
    },
    {
      "mode": "managed",
      "type": "azurerm_key_vault_access_policy",
      "name": "appag_key_vault_access_policy",
      "provider": "provider[\"registry.terraform.io/hashicorp/azurerm\"]",
      "instances": [
        {
          "schema_version": 0,
          "attributes": {
            "application_id": "",
            "certificate_permissions": [],
            "id": "/subscriptions/50210a87-6a45-48a7-ad0c-c211333c1110/resourceGroups/example-resources/providers/Microsoft.KeyVault/vaults/keyvault132456/objectId/85921054-e1c4-42ea-ad9d-10ae47d631fc",
            "key_permissions": [],
            "key_vault_id": "/subscriptions/50210a87-6a45-48a7-ad0c-c211333c1110/resourceGroups/example-resources/providers/Microsoft.KeyVault/vaults/keyvault132456",
            "object_id": "85921054-e1c4-42ea-ad9d-10ae47d631fc",
            "secret_permissions": [
              "Get"
            ],
            "storage_permissions": [],
            "tenant_id": "3e484776-f1c3-469c-b317-d951736dc563",
            "timeouts": null
          },
          "sensitive_attributes": [],
          "private": "eyJlMmJmYjczMC1lY2FhLTExZTYtOGY4OC0zNDM2M2JjN2M0YzAiOnsiY3JlYXRlIjoxODAwMDAwMDAwMDAwLCJkZWxldGUiOjE4MDAwMDAwMDAwMDAsInJlYWQiOjMwMDAwMDAwMDAwMCwidXBkYXRlIjoxODAwMDAwMDAwMDAwfX0=",
          "dependencies": [
            "azurerm_key_vault.example",
            "azurerm_resource_group.example",
            "azurerm_user_assigned_identity.user_managed_identity",
            "data.azurerm_client_config.current"
          ]
        }
      ]
    },
    {
      "mode": "managed",
      "type": "azurerm_key_vault_certificate",
      "name": "example",
      "provider": "provider[\"registry.terraform.io/hashicorp/azurerm\"]",
      "instances": [
        {
          "schema_version": 0,
          "attributes": {
            "certificate": [],
            "certificate_attribute": [
              {
                "created": "2023-11-24T13:02:45Z",
                "enabled": true,
                "expires": "2023-12-24T13:02:44Z",
                "not_before": "2023-11-24T12:52:44Z",
                "recovery_level": "CustomizedRecoverable+Purgeable",
                "updated": "2023-11-24T13:02:45Z"
              }
            ],
            "certificate_data": "3082035F30820247A0030201020210717E38BBF2FC4FEFBC77D86AD5DAB7BE300D06092A864886F70D01010B05003016311430120603550403130B68656C6C6F2D776F726C64301E170D3233313132343132353234345A170D3233313232343133303234345A3016311430120603550403130B68656C6C6F2D776F726C6430820122300D06092A864886F70D01010105000382010F003082010A0282010100C3A03FC8488FA11E687B8D93AA483096E7A9EF85BC4284EFD41969D36C5E65ACB43163E99B99D489C291BFA2CFA024220369558C3A42C300F2C248BD52379CDB42FE978239D2407A14271DEBA0D301DDA63F4B66A50D8C36550CA218C475F3BC4C783E715497560FD4E11C9552B4FCB97E5371D34F4C326F2494F58642FEC2083228D4763C288B967F637E8777DFEF8A93C0245E1B7B36F9480D1C7256DDE02DC446EE7F95266E89C5DCA11158EE9BEAA97B12CA8B93B5AE5F875900FB08CCA236971EC892A47C7E9063394583C9FE87752F192E7FB44479C1F6F02E8639A97EBF86CD33E9F02FBBCB296B0E11928DFBACF981BEC093D46C7A39B07EDD0158E10203010001A381A83081A5300E0603551D0F0101FF0404030201BE30090603551D130402300030130603551D25040C300A06082B0601050507030130330603551D11042C302A8212646F6D61696E2E68656C6C6F2E776F726C648214696E7465726E616C2E636F6E746F736F2E636F6D301F0603551D230418301680142A74BA96BB9EC0367B5C3E2F89076599E565A15B301D0603551D0E041604142A74BA96BB9EC0367B5C3E2F89076599E565A15B300D06092A864886F70D01010B050003820101007F88868D03AEFACB5DB8414C12511B00F0924AC4E53B70C781196035644F3E0E57A7B536BE458C53867931E4C8340116B2675A381059735D6E103E7F3E01C3D509AF70E10155ACA8BDB581F58040EF0ED902872998E3499BE5631C1B29060EE6A5E312DE1F25512760F0CBC7EB8D08E3D4C1DC0BF52784BE0A3A3437F1DD3E316C50DDC18A2668461E99F64E5FF457D5D310F3D4DFDFE37FE9DCCCCBB150F15B78844B5E839B73B12028EAFBD38F06EBE7A6D4CCC14010B80EBC8AB9B720FAF2A3BEBE2C168FDECE45F5DC2AF9B33E742E83D814C0761CD4FF957A26FDF259B92CC9CD2D5631380AF2C5375D56CEAF2E59F5F11A92E57A51D2A085897776C9D6",
            "certificate_data_base64": "MIIDXzCCAkegAwIBAgIQcX44u/L8T++8d9hq1dq3vjANBgkqhkiG9w0BAQsFADAWMRQwEgYDVQQDEwtoZWxsby13b3JsZDAeFw0yMzExMjQxMjUyNDRaFw0yMzEyMjQxMzAyNDRaMBYxFDASBgNVBAMTC2hlbGxvLXdvcmxkMIIBIjANBgkqhkiG9w0BAQEFAAOCAQ8AMIIBCgKCAQEAw6A/yEiPoR5oe42Tqkgwluep74W8QoTv1Blp02xeZay0MWPpm5nUicKRv6LPoCQiA2lVjDpCwwDywki9Ujec20L+l4I50kB6FCcd66DTAd2mP0tmpQ2MNlUMohjEdfO8THg+cVSXVg/U4RyVUrT8uX5TcdNPTDJvJJT1hkL+wggyKNR2PCiLln9jfod33++Kk8AkXht7NvlIDRxyVt3gLcRG7n+VJm6JxdyhEVjum+qpexLKi5O1rl+HWQD7CMyiNpceyJKkfH6QYzlFg8n+h3UvGS5/tER5wfbwLoY5qX6/hs0z6fAvu8spaw4Rko37rPmBvsCT1Gx6ObB+3QFY4QIDAQABo4GoMIGlMA4GA1UdDwEB/wQEAwIBvjAJBgNVHRMEAjAAMBMGA1UdJQQMMAoGCCsGAQUFBwMBMDMGA1UdEQQsMCqCEmRvbWFpbi5oZWxsby53b3JsZIIUaW50ZXJuYWwuY29udG9zby5jb20wHwYDVR0jBBgwFoAUKnS6lruewDZ7XD4viQdlmeVloVswHQYDVR0OBBYEFCp0upa7nsA2e1w+L4kHZZnlZaFbMA0GCSqGSIb3DQEBCwUAA4IBAQB/iIaNA676y124QUwSURsA8JJKxOU7cMeBGWA1ZE8+DlentTa+RYxThnkx5Mg0ARayZ1o4EFlzXW4QPn8+AcPVCa9w4QFVrKi9tYH1gEDvDtkChymY40mb5WMcGykGDual4xLeHyVRJ2Dwy8frjQjj1MHcC/UnhL4KOjQ38d0+MWxQ3cGKJmhGHpn2Tl/0V9XTEPPU39/jf+nczMuxUPFbeIRLXoObc7EgKOr7048G6+em1MzBQBC4DryKubcg+vKjvr4sFo/ezkX13Cr5sz50LoPYFMB2HNT/lXom/fJZuSzJzS1WMTgK8sU3XVbOry5Z9fEakuV6UdKghYl3dsnW",
            "certificate_policy": [
              {
                "issuer_parameters": [
                  {
                    "name": "Self"
                  }
                ],
                "key_properties": [
                  {
                    "curve": "",
                    "exportable": true,
                    "key_size": 2048,
                    "key_type": "RSA",
                    "reuse_key": true
                  }
                ],
                "lifetime_action": [
                  {
                    "action": [
                      {
                        "action_type": "AutoRenew"
                      }
                    ],
                    "trigger": [
                      {
                        "days_before_expiry": 3,
                        "lifetime_percentage": 0
                      }
                    ]
                  }
                ],
                "secret_properties": [
                  {
                    "content_type": "application/x-pkcs12"
                  }
                ],
                "x509_certificate_properties": [
                  {
                    "extended_key_usage": [
                      "1.3.6.1.5.5.7.3.1"
                    ],
                    "key_usage": [
                      "cRLSign",
                      "dataEncipherment",
                      "digitalSignature",
                      "keyAgreement",
                      "keyCertSign",
                      "keyEncipherment"
                    ],
                    "subject": "CN=hello-world",
                    "subject_alternative_names": [
                      {
                        "dns_names": [
                          "domain.hello.world",
                          "internal.contoso.com"
                        ],
                        "emails": [],
                        "upns": []
                      }
                    ],
                    "validity_in_months": 1
                  }
                ]
              }
            ],
            "id": "https://keyvault132456.vault.azure.net/certificates/generated-cert/138a19ab466841328324ef214784de24",
            "key_vault_id": "/subscriptions/50210a87-6a45-48a7-ad0c-c211333c1110/resourceGroups/example-resources/providers/Microsoft.KeyVault/vaults/keyvault132456",
            "name": "generated-cert",
            "resource_manager_id": "/subscriptions/50210a87-6a45-48a7-ad0c-c211333c1110/resourceGroups/example-resources/providers/Microsoft.KeyVault/vaults/keyvault132456/certificates/generated-cert/versions/138a19ab466841328324ef214784de24",
            "resource_manager_versionless_id": "/subscriptions/50210a87-6a45-48a7-ad0c-c211333c1110/resourceGroups/example-resources/providers/Microsoft.KeyVault/vaults/keyvault132456/certificates/generated-cert",
            "secret_id": "https://keyvault132456.vault.azure.net/secrets/generated-cert/138a19ab466841328324ef214784de24",
            "tags": {},
            "thumbprint": "464E15835896EBCD60C3E68F417C01C032DB0999",
            "timeouts": null,
            "version": "138a19ab466841328324ef214784de24",
            "versionless_id": "https://keyvault132456.vault.azure.net/certificates/generated-cert",
            "versionless_secret_id": "https://keyvault132456.vault.azure.net/secrets/generated-cert"
          },
          "sensitive_attributes": [],
          "private": "eyJlMmJmYjczMC1lY2FhLTExZTYtOGY4OC0zNDM2M2JjN2M0YzAiOnsiY3JlYXRlIjozNjAwMDAwMDAwMDAwLCJkZWxldGUiOjE4MDAwMDAwMDAwMDAsInJlYWQiOjE4MDAwMDAwMDAwMDAsInVwZGF0ZSI6MTgwMDAwMDAwMDAwMH19",
          "dependencies": [
            "azurerm_key_vault.example",
            "azurerm_resource_group.example",
            "data.azurerm_client_config.current"
          ]
        }
      ]
    },
    {
      "mode": "managed",
      "type": "azurerm_network_interface",
      "name": "app_interface",
      "provider": "provider[\"registry.terraform.io/hashicorp/azurerm\"]",
      "instances": [
        {
          "schema_version": 0,
          "attributes": {
            "applied_dns_servers": [],
            "auxiliary_mode": "",
            "auxiliary_sku": "",
            "dns_servers": [],
            "edge_zone": "",
            "enable_accelerated_networking": false,
            "enable_ip_forwarding": false,
            "id": "/subscriptions/50210a87-6a45-48a7-ad0c-c211333c1110/resourceGroups/example-resources/providers/Microsoft.Network/networkInterfaces/app-interface",
            "internal_dns_name_label": "",
            "internal_domain_name_suffix": "x0zux30p413ehecgdqe2idhocd.ax.internal.cloudapp.net",
            "ip_configuration": [
              {
                "gateway_load_balancer_frontend_ip_configuration_id": "",
                "name": "internal",
                "primary": true,
                "private_ip_address": "10.254.1.4",
                "private_ip_address_allocation": "Dynamic",
                "private_ip_address_version": "IPv4",
                "public_ip_address_id": "/subscriptions/50210a87-6a45-48a7-ad0c-c211333c1110/resourceGroups/example-resources/providers/Microsoft.Network/publicIPAddresses/app-public-ip",
                "subnet_id": "/subscriptions/50210a87-6a45-48a7-ad0c-c211333c1110/resourceGroups/example-resources/providers/Microsoft.Network/virtualNetworks/example-network/subnets/backend"
              }
            ],
            "location": "westeurope",
            "mac_address": "00-22-48-88-02-27",
            "name": "app-interface",
            "private_ip_address": "10.254.1.4",
            "private_ip_addresses": [
              "10.254.1.4"
            ],
            "resource_group_name": "example-resources",
            "tags": {},
            "timeouts": null,
            "virtual_machine_id": "/subscriptions/50210a87-6a45-48a7-ad0c-c211333c1110/resourceGroups/example-resources/providers/Microsoft.Compute/virtualMachines/appvm"
          },
          "sensitive_attributes": [],
          "private": "eyJlMmJmYjczMC1lY2FhLTExZTYtOGY4OC0zNDM2M2JjN2M0YzAiOnsiY3JlYXRlIjoxODAwMDAwMDAwMDAwLCJkZWxldGUiOjE4MDAwMDAwMDAwMDAsInJlYWQiOjMwMDAwMDAwMDAwMCwidXBkYXRlIjoxODAwMDAwMDAwMDAwfX0=",
          "dependencies": [
            "azurerm_public_ip.app_public_ip",
            "azurerm_resource_group.example",
            "azurerm_subnet.backend",
            "azurerm_virtual_network.example"
          ]
        }
      ]
    },
    {
      "mode": "managed",
      "type": "azurerm_public_ip",
      "name": "app_public_ip",
      "provider": "provider[\"registry.terraform.io/hashicorp/azurerm\"]",
      "instances": [
        {
          "schema_version": 0,
          "attributes": {
            "allocation_method": "Static",
            "ddos_protection_mode": "VirtualNetworkInherited",
            "ddos_protection_plan_id": null,
            "domain_name_label": null,
            "edge_zone": "",
            "fqdn": null,
            "id": "/subscriptions/50210a87-6a45-48a7-ad0c-c211333c1110/resourceGroups/example-resources/providers/Microsoft.Network/publicIPAddresses/app-public-ip",
            "idle_timeout_in_minutes": 4,
            "ip_address": "20.86.171.13",
            "ip_tags": {},
            "ip_version": "IPv4",
            "location": "westeurope",
            "name": "app-public-ip",
            "public_ip_prefix_id": null,
            "resource_group_name": "example-resources",
            "reverse_fqdn": null,
            "sku": "Basic",
            "sku_tier": "Regional",
            "tags": {},
            "timeouts": null,
            "zones": []
          },
          "sensitive_attributes": [],
          "private": "eyJlMmJmYjczMC1lY2FhLTExZTYtOGY4OC0zNDM2M2JjN2M0YzAiOnsiY3JlYXRlIjoxODAwMDAwMDAwMDAwLCJkZWxldGUiOjE4MDAwMDAwMDAwMDAsInJlYWQiOjMwMDAwMDAwMDAwMCwidXBkYXRlIjoxODAwMDAwMDAwMDAwfX0=",
          "dependencies": [
            "azurerm_resource_group.example"
          ]
        }
      ]
    },
    {
      "mode": "managed",
      "type": "azurerm_public_ip",
      "name": "example",
      "provider": "provider[\"registry.terraform.io/hashicorp/azurerm\"]",
      "instances": [
        {
          "schema_version": 0,
          "attributes": {
            "allocation_method": "Static",
            "ddos_protection_mode": "VirtualNetworkInherited",
            "ddos_protection_plan_id": null,
            "domain_name_label": null,
            "edge_zone": "",
            "fqdn": null,
            "id": "/subscriptions/50210a87-6a45-48a7-ad0c-c211333c1110/resourceGroups/example-resources/providers/Microsoft.Network/publicIPAddresses/example-pip",
            "idle_timeout_in_minutes": 4,
            "ip_address": "20.86.175.5",
            "ip_tags": {},
            "ip_version": "IPv4",
            "location": "westeurope",
            "name": "example-pip",
            "public_ip_prefix_id": null,
            "resource_group_name": "example-resources",
            "reverse_fqdn": null,
            "sku": "Standard",
            "sku_tier": "Regional",
            "tags": {},
            "timeouts": null,
            "zones": []
          },
          "sensitive_attributes": [],
          "private": "eyJlMmJmYjczMC1lY2FhLTExZTYtOGY4OC0zNDM2M2JjN2M0YzAiOnsiY3JlYXRlIjoxODAwMDAwMDAwMDAwLCJkZWxldGUiOjE4MDAwMDAwMDAwMDAsInJlYWQiOjMwMDAwMDAwMDAwMCwidXBkYXRlIjoxODAwMDAwMDAwMDAwfX0=",
          "dependencies": [
            "azurerm_resource_group.example"
          ]
        }
      ]
    },
    {
      "mode": "managed",
      "type": "azurerm_resource_group",
      "name": "example",
      "provider": "provider[\"registry.terraform.io/hashicorp/azurerm\"]",
      "instances": [
        {
          "schema_version": 0,
          "attributes": {
            "id": "/subscriptions/50210a87-6a45-48a7-ad0c-c211333c1110/resourceGroups/example-resources",
            "location": "westeurope",
            "managed_by": "",
            "name": "example-resources",
            "tags": {},
            "timeouts": null
          },
          "sensitive_attributes": [],
          "private": "eyJlMmJmYjczMC1lY2FhLTExZTYtOGY4OC0zNDM2M2JjN2M0YzAiOnsiY3JlYXRlIjo1NDAwMDAwMDAwMDAwLCJkZWxldGUiOjU0MDAwMDAwMDAwMDAsInJlYWQiOjMwMDAwMDAwMDAwMCwidXBkYXRlIjo1NDAwMDAwMDAwMDAwfX0="
        }
      ]
    },
    {
      "mode": "managed",
      "type": "azurerm_role_assignment",
      "name": "assigned",
      "provider": "provider[\"registry.terraform.io/hashicorp/azurerm\"]",
      "instances": [
        {
          "schema_version": 0,
          "attributes": {
            "condition": "",
            "condition_version": "",
            "delegated_managed_identity_resource_id": "",
            "description": "",
            "id": "/subscriptions/50210a87-6a45-48a7-ad0c-c211333c1110/resourceGroups/example-resources/providers/Microsoft.KeyVault/vaults/keyvault132456/providers/Microsoft.Authorization/roleAssignments/190fcc0b-8bb4-8d72-3d09-785e74a2064b",
            "name": "190fcc0b-8bb4-8d72-3d09-785e74a2064b",
            "principal_id": "85921054-e1c4-42ea-ad9d-10ae47d631fc",
            "principal_type": "ServicePrincipal",
            "role_definition_id": "/subscriptions/50210a87-6a45-48a7-ad0c-c211333c1110/providers/Microsoft.Authorization/roleDefinitions/00482a5a-887f-4fb3-b363-3b7fe8e74483",
            "role_definition_name": "Key Vault Administrator",
            "scope": "/subscriptions/50210a87-6a45-48a7-ad0c-c211333c1110/resourceGroups/example-resources/providers/Microsoft.KeyVault/vaults/keyvault132456",
            "skip_service_principal_aad_check": null,
            "timeouts": null
          },
          "sensitive_attributes": [],
          "private": "eyJlMmJmYjczMC1lY2FhLTExZTYtOGY4OC0zNDM2M2JjN2M0YzAiOnsiY3JlYXRlIjoxODAwMDAwMDAwMDAwLCJkZWxldGUiOjE4MDAwMDAwMDAwMDAsInJlYWQiOjMwMDAwMDAwMDAwMCwidXBkYXRlIjoxODAwMDAwMDAwMDAwfX0=",
          "dependencies": [
            "azurerm_key_vault.example",
            "azurerm_resource_group.example",
            "azurerm_user_assigned_identity.user_managed_identity",
            "data.azurerm_client_config.current"
          ]
        }
      ]
    },
    {
      "mode": "managed",
      "type": "azurerm_role_assignment",
      "name": "example",
      "provider": "provider[\"registry.terraform.io/hashicorp/azurerm\"]",
      "instances": [
        {
          "schema_version": 0,
          "attributes": {
            "condition": "",
            "condition_version": "",
            "delegated_managed_identity_resource_id": "",
            "description": "",
            "id": "/subscriptions/50210a87-6a45-48a7-ad0c-c211333c1110/providers/Microsoft.Authorization/roleAssignments/763b2a27-cdbf-92a0-3fdd-29366cf29d53",
            "name": "763b2a27-cdbf-92a0-3fdd-29366cf29d53",
            "principal_id": "3eca07d0-1ff6-4abe-a42d-5fb357689551",
            "principal_type": "User",
            "role_definition_id": "/subscriptions/50210a87-6a45-48a7-ad0c-c211333c1110/providers/Microsoft.Authorization/roleDefinitions/00482a5a-887f-4fb3-b363-3b7fe8e74483",
            "role_definition_name": "Key Vault Administrator",
            "scope": "/subscriptions/50210a87-6a45-48a7-ad0c-c211333c1110",
            "skip_service_principal_aad_check": null,
            "timeouts": null
          },
          "sensitive_attributes": [],
          "private": "eyJlMmJmYjczMC1lY2FhLTExZTYtOGY4OC0zNDM2M2JjN2M0YzAiOnsiY3JlYXRlIjoxODAwMDAwMDAwMDAwLCJkZWxldGUiOjE4MDAwMDAwMDAwMDAsInJlYWQiOjMwMDAwMDAwMDAwMCwidXBkYXRlIjoxODAwMDAwMDAwMDAwfX0=",
          "dependencies": [
            "data.azurerm_client_config.example",
            "data.azurerm_subscription.primary"
          ]
        }
      ]
    },
    {
      "mode": "managed",
      "type": "azurerm_role_assignment",
      "name": "kv_user_assigned",
      "provider": "provider[\"registry.terraform.io/hashicorp/azurerm\"]",
      "instances": [
        {
          "schema_version": 0,
          "attributes": {
            "condition": "",
            "condition_version": "",
            "delegated_managed_identity_resource_id": "",
            "description": "",
            "id": "/subscriptions/50210a87-6a45-48a7-ad0c-c211333c1110/resourceGroups/example-resources/providers/Microsoft.KeyVault/vaults/keyvault132456/providers/Microsoft.Authorization/roleAssignments/88bf3b7b-adbd-856c-1b30-8c98eacb2039",
            "name": "88bf3b7b-adbd-856c-1b30-8c98eacb2039",
            "principal_id": "3eca07d0-1ff6-4abe-a42d-5fb357689551",
            "principal_type": "User",
            "role_definition_id": "/subscriptions/50210a87-6a45-48a7-ad0c-c211333c1110/providers/Microsoft.Authorization/roleDefinitions/00482a5a-887f-4fb3-b363-3b7fe8e74483",
            "role_definition_name": "Key Vault Administrator",
            "scope": "/subscriptions/50210a87-6a45-48a7-ad0c-c211333c1110/resourceGroups/example-resources/providers/Microsoft.KeyVault/vaults/keyvault132456",
            "skip_service_principal_aad_check": null,
            "timeouts": null
          },
          "sensitive_attributes": [],
          "private": "eyJlMmJmYjczMC1lY2FhLTExZTYtOGY4OC0zNDM2M2JjN2M0YzAiOnsiY3JlYXRlIjoxODAwMDAwMDAwMDAwLCJkZWxldGUiOjE4MDAwMDAwMDAwMDAsInJlYWQiOjMwMDAwMDAwMDAwMCwidXBkYXRlIjoxODAwMDAwMDAwMDAwfX0=",
          "dependencies": [
            "azurerm_key_vault.example",
            "azurerm_resource_group.example",
            "data.azurerm_client_config.current",
            "data.azurerm_client_config.example"
          ]
        }
      ]
    },
    {
      "mode": "managed",
      "type": "azurerm_subnet",
      "name": "backend",
      "provider": "provider[\"registry.terraform.io/hashicorp/azurerm\"]",
      "instances": [
        {
          "schema_version": 0,
          "attributes": {
            "address_prefixes": [
              "10.254.1.0/24"
            ],
            "delegation": [],
            "enforce_private_link_endpoint_network_policies": false,
            "enforce_private_link_service_network_policies": false,
            "id": "/subscriptions/50210a87-6a45-48a7-ad0c-c211333c1110/resourceGroups/example-resources/providers/Microsoft.Network/virtualNetworks/example-network/subnets/backend",
            "name": "backend",
            "private_endpoint_network_policies_enabled": true,
            "private_link_service_network_policies_enabled": true,
            "resource_group_name": "example-resources",
            "service_endpoint_policy_ids": [],
            "service_endpoints": [],
            "timeouts": null,
            "virtual_network_name": "example-network"
          },
          "sensitive_attributes": [],
          "private": "eyJlMmJmYjczMC1lY2FhLTExZTYtOGY4OC0zNDM2M2JjN2M0YzAiOnsiY3JlYXRlIjoxODAwMDAwMDAwMDAwLCJkZWxldGUiOjE4MDAwMDAwMDAwMDAsInJlYWQiOjMwMDAwMDAwMDAwMCwidXBkYXRlIjoxODAwMDAwMDAwMDAwfX0=",
          "dependencies": [
            "azurerm_resource_group.example",
            "azurerm_virtual_network.example"
          ]
        }
      ]
    },
    {
      "mode": "managed",
      "type": "azurerm_subnet",
      "name": "frontend",
      "provider": "provider[\"registry.terraform.io/hashicorp/azurerm\"]",
      "instances": [
        {
          "schema_version": 0,
          "attributes": {
            "address_prefixes": [
              "10.254.0.0/24"
            ],
            "delegation": [],
            "enforce_private_link_endpoint_network_policies": false,
            "enforce_private_link_service_network_policies": false,
            "id": "/subscriptions/50210a87-6a45-48a7-ad0c-c211333c1110/resourceGroups/example-resources/providers/Microsoft.Network/virtualNetworks/example-network/subnets/frontend",
            "name": "frontend",
            "private_endpoint_network_policies_enabled": true,
            "private_link_service_network_policies_enabled": true,
            "resource_group_name": "example-resources",
            "service_endpoint_policy_ids": [],
            "service_endpoints": [],
            "timeouts": null,
            "virtual_network_name": "example-network"
          },
          "sensitive_attributes": [],
          "private": "eyJlMmJmYjczMC1lY2FhLTExZTYtOGY4OC0zNDM2M2JjN2M0YzAiOnsiY3JlYXRlIjoxODAwMDAwMDAwMDAwLCJkZWxldGUiOjE4MDAwMDAwMDAwMDAsInJlYWQiOjMwMDAwMDAwMDAwMCwidXBkYXRlIjoxODAwMDAwMDAwMDAwfX0=",
          "dependencies": [
            "azurerm_resource_group.example",
            "azurerm_virtual_network.example"
          ]
        }
      ]
    },
    {
      "mode": "managed",
      "type": "azurerm_user_assigned_identity",
      "name": "user_managed_identity",
      "provider": "provider[\"registry.terraform.io/hashicorp/azurerm\"]",
      "instances": [
        {
          "schema_version": 1,
          "attributes": {
            "client_id": "97e40f5a-9f3c-47d9-974a-76b77c8f7802",
            "id": "/subscriptions/50210a87-6a45-48a7-ad0c-c211333c1110/resourceGroups/example-resources/providers/Microsoft.ManagedIdentity/userAssignedIdentities/user_managed_identity",
            "location": "westeurope",
            "name": "user_managed_identity",
            "principal_id": "85921054-e1c4-42ea-ad9d-10ae47d631fc",
            "resource_group_name": "example-resources",
            "tags": {},
            "tenant_id": "3e484776-f1c3-469c-b317-d951736dc563",
            "timeouts": null
          },
          "sensitive_attributes": [],
          "private": "eyJlMmJmYjczMC1lY2FhLTExZTYtOGY4OC0zNDM2M2JjN2M0YzAiOnsiY3JlYXRlIjoxODAwMDAwMDAwMDAwLCJkZWxldGUiOjE4MDAwMDAwMDAwMDAsInJlYWQiOjMwMDAwMDAwMDAwMCwidXBkYXRlIjoxODAwMDAwMDAwMDAwfSwic2NoZW1hX3ZlcnNpb24iOiIxIn0=",
          "dependencies": [
            "azurerm_resource_group.example"
          ]
        }
      ]
    },
    {
      "mode": "managed",
      "type": "azurerm_virtual_network",
      "name": "example",
      "provider": "provider[\"registry.terraform.io/hashicorp/azurerm\"]",
      "instances": [
        {
          "schema_version": 0,
          "attributes": {
            "address_space": [
              "10.254.0.0/16"
            ],
            "bgp_community": "",
            "ddos_protection_plan": [],
            "dns_servers": [],
            "edge_zone": "",
            "encryption": [],
            "flow_timeout_in_minutes": 0,
            "guid": "f74bb3be-f64f-43fa-9046-1c09c40cee13",
            "id": "/subscriptions/50210a87-6a45-48a7-ad0c-c211333c1110/resourceGroups/example-resources/providers/Microsoft.Network/virtualNetworks/example-network",
            "location": "westeurope",
            "name": "example-network",
            "resource_group_name": "example-resources",
            "subnet": [
              {
                "address_prefix": "10.254.0.0/24",
                "id": "/subscriptions/50210a87-6a45-48a7-ad0c-c211333c1110/resourceGroups/example-resources/providers/Microsoft.Network/virtualNetworks/example-network/subnets/frontend",
                "name": "frontend",
                "security_group": ""
              },
              {
                "address_prefix": "10.254.1.0/24",
                "id": "/subscriptions/50210a87-6a45-48a7-ad0c-c211333c1110/resourceGroups/example-resources/providers/Microsoft.Network/virtualNetworks/example-network/subnets/backend",
                "name": "backend",
                "security_group": ""
              }
            ],
            "tags": {},
            "timeouts": null
          },
          "sensitive_attributes": [],
          "private": "eyJlMmJmYjczMC1lY2FhLTExZTYtOGY4OC0zNDM2M2JjN2M0YzAiOnsiY3JlYXRlIjoxODAwMDAwMDAwMDAwLCJkZWxldGUiOjE4MDAwMDAwMDAwMDAsInJlYWQiOjMwMDAwMDAwMDAwMCwidXBkYXRlIjoxODAwMDAwMDAwMDAwfX0=",
          "dependencies": [
            "azurerm_resource_group.example"
          ]
        }
      ]
    },
    {
      "mode": "managed",
      "type": "azurerm_windows_virtual_machine",
      "name": "app_vm",
      "provider": "provider[\"registry.terraform.io/hashicorp/azurerm\"]",
      "instances": [
        {
          "schema_version": 0,
          "attributes": {
            "additional_capabilities": [],
            "additional_unattend_content": [],
            "admin_password": "Azure@123",
            "admin_username": "demousr",
            "allow_extension_operations": true,
            "availability_set_id": "",
            "boot_diagnostics": [],
            "bypass_platform_safety_checks_on_user_schedule_enabled": false,
            "capacity_reservation_group_id": "",
            "computer_name": "appvm",
            "custom_data": null,
            "dedicated_host_group_id": "",
            "dedicated_host_id": "",
            "edge_zone": "",
            "enable_automatic_updates": true,
            "encryption_at_host_enabled": false,
            "eviction_policy": "",
            "extensions_time_budget": "PT1H30M",
            "gallery_application": [],
            "hotpatching_enabled": false,
            "id": "/subscriptions/50210a87-6a45-48a7-ad0c-c211333c1110/resourceGroups/example-resources/providers/Microsoft.Compute/virtualMachines/appvm",
            "identity": [],
            "license_type": "",
            "location": "westeurope",
            "max_bid_price": -1,
            "name": "appvm",
            "network_interface_ids": [
              "/subscriptions/50210a87-6a45-48a7-ad0c-c211333c1110/resourceGroups/example-resources/providers/Microsoft.Network/networkInterfaces/app-interface"
            ],
            "os_disk": [
              {
                "caching": "ReadWrite",
                "diff_disk_settings": [],
                "disk_encryption_set_id": "",
                "disk_size_gb": 127,
                "name": "appvm_disk1_696c4d1d3511485287903c46a02c35e2",
                "secure_vm_disk_encryption_set_id": "",
                "security_encryption_type": "",
                "storage_account_type": "Standard_LRS",
                "write_accelerator_enabled": false
              }
            ],
            "patch_assessment_mode": "ImageDefault",
            "patch_mode": "AutomaticByOS",
            "plan": [],
            "platform_fault_domain": -1,
            "priority": "Regular",
            "private_ip_address": "10.254.1.4",
            "private_ip_addresses": [
              "10.254.1.4"
            ],
            "provision_vm_agent": true,
            "proximity_placement_group_id": "",
            "public_ip_address": "20.86.171.13",
            "public_ip_addresses": [
              "20.86.171.13"
            ],
            "reboot_setting": "",
            "resource_group_name": "example-resources",
            "secret": [],
            "secure_boot_enabled": false,
            "size": "Standard_D2s_v3",
            "source_image_id": "",
            "source_image_reference": [
              {
                "offer": "WindowsServer",
                "publisher": "MicrosoftWindowsServer",
                "sku": "2019-Datacenter",
                "version": "latest"
              }
            ],
            "tags": {},
            "termination_notification": [],
            "timeouts": null,
            "timezone": "",
            "user_data": "",
            "virtual_machine_id": "bf270ca6-7368-4df4-9329-7cb16f6e3ce4",
            "virtual_machine_scale_set_id": "",
            "vtpm_enabled": false,
            "winrm_listener": [],
            "zone": ""
          },
          "sensitive_attributes": [],
          "private": "eyJlMmJmYjczMC1lY2FhLTExZTYtOGY4OC0zNDM2M2JjN2M0YzAiOnsiY3JlYXRlIjoyNzAwMDAwMDAwMDAwLCJkZWxldGUiOjI3MDAwMDAwMDAwMDAsInJlYWQiOjMwMDAwMDAwMDAwMCwidXBkYXRlIjoyNzAwMDAwMDAwMDAwfX0=",
          "dependencies": [
            "azurerm_network_interface.app_interface",
            "azurerm_public_ip.app_public_ip",
            "azurerm_resource_group.example",
            "azurerm_subnet.backend",
            "azurerm_virtual_network.example"
          ]
        }
      ]
    }
  ],
  "check_results": null
}
